// !$*UTF8*$!
{
	archiveVersion = 1;
	classes = {
	};
	objectVersion = 46;
	objects = {

/* Begin PBXBuildFile section */
		573728451CE4833A000DC49D /* sad.png in Resources */ = {isa = PBXBuildFile; fileRef = 5737283F1CE4833A000DC49D /* sad.png */; };
		573728461CE4833A000DC49D /* angry.png in Resources */ = {isa = PBXBuildFile; fileRef = 573728401CE4833A000DC49D /* angry.png */; };
		573728471CE4833A000DC49D /* wow.png in Resources */ = {isa = PBXBuildFile; fileRef = 573728411CE4833A000DC49D /* wow.png */; };
		573728481CE4833A000DC49D /* love.png in Resources */ = {isa = PBXBuildFile; fileRef = 573728421CE4833A000DC49D /* love.png */; };
		573728491CE4833A000DC49D /* haha.png in Resources */ = {isa = PBXBuildFile; fileRef = 573728431CE4833A000DC49D /* haha.png */; };
		5737284A1CE4833A000DC49D /* like.png in Resources */ = {isa = PBXBuildFile; fileRef = 573728441CE4833A000DC49D /* like.png */; };
		5737284C1CE486CD000DC49D /* greyLike.png in Resources */ = {isa = PBXBuildFile; fileRef = 5737284B1CE486CD000DC49D /* greyLike.png */; };
		57D13C4D1CE5796B00609438 /* img.png in Resources */ = {isa = PBXBuildFile; fileRef = 57D13C4C1CE5796B00609438 /* img.png */; };
		57D13C501CE5822600609438 /* comment.png in Resources */ = {isa = PBXBuildFile; fileRef = 57D13C4E1CE5822600609438 /* comment.png */; };
		57D13C511CE5822600609438 /* share.png in Resources */ = {isa = PBXBuildFile; fileRef = 57D13C4F1CE5822600609438 /* share.png */; };
		57D13C541CE5833C00609438 /* avatar1.png in Resources */ = {isa = PBXBuildFile; fileRef = 57D13C521CE5833C00609438 /* avatar1.png */; };
		57D13C551CE5833C00609438 /* avatar2.png in Resources */ = {isa = PBXBuildFile; fileRef = 57D13C531CE5833C00609438 /* avatar2.png */; };
		788E95361B03F29A0047D2A1 /* AppDelegate.swift in Sources */ = {isa = PBXBuildFile; fileRef = 788E95351B03F29A0047D2A1 /* AppDelegate.swift */; };
		788E95381B03F29A0047D2A1 /* ViewController.swift in Sources */ = {isa = PBXBuildFile; fileRef = 788E95371B03F29A0047D2A1 /* ViewController.swift */; };
		788E953B1B03F29A0047D2A1 /* Main.storyboard in Resources */ = {isa = PBXBuildFile; fileRef = 788E95391B03F29A0047D2A1 /* Main.storyboard */; };
		788E953D1B03F29A0047D2A1 /* Images.xcassets in Resources */ = {isa = PBXBuildFile; fileRef = 788E953C1B03F29A0047D2A1 /* Images.xcassets */; };
		788E95401B03F29A0047D2A1 /* LaunchScreen.xib in Resources */ = {isa = PBXBuildFile; fileRef = 788E953E1B03F29A0047D2A1 /* LaunchScreen.xib */; };
		788E954C1B03F29A0047D2A1 /* UIPopoverPresentationTests.swift in Sources */ = {isa = PBXBuildFile; fileRef = 788E954B1B03F29A0047D2A1 /* UIPopoverPresentationTests.swift */; };
		8101E78A1DDB87D700D45EB8 /* PopoverViewController.swift in Sources */ = {isa = PBXBuildFile; fileRef = 8101E7891DDB87D700D45EB8 /* PopoverViewController.swift */; };
/* End PBXBuildFile section */

/* Begin PBXContainerItemProxy section */
		788E95461B03F29A0047D2A1 /* PBXContainerItemProxy */ = {
			isa = PBXContainerItemProxy;
			containerPortal = 788E95281B03F29A0047D2A1 /* Project object */;
			proxyType = 1;
			remoteGlobalIDString = 788E952F1B03F29A0047D2A1;
			remoteInfo = UIPopoverPresentation;
		};
/* End PBXContainerItemProxy section */

/* Begin PBXFileReference section */
		5737283F1CE4833A000DC49D /* sad.png */ = {isa = PBXFileReference; lastKnownFileType = image.png; path = sad.png; sourceTree = "<group>"; };
		573728401CE4833A000DC49D /* angry.png */ = {isa = PBXFileReference; lastKnownFileType = image.png; path = angry.png; sourceTree = "<group>"; };
		573728411CE4833A000DC49D /* wow.png */ = {isa = PBXFileReference; lastKnownFileType = image.png; path = wow.png; sourceTree = "<group>"; };
		573728421CE4833A000DC49D /* love.png */ = {isa = PBXFileReference; lastKnownFileType = image.png; path = love.png; sourceTree = "<group>"; };
		573728431CE4833A000DC49D /* haha.png */ = {isa = PBXFileReference; lastKnownFileType = image.png; path = haha.png; sourceTree = "<group>"; };
		573728441CE4833A000DC49D /* like.png */ = {isa = PBXFileReference; lastKnownFileType = image.png; path = like.png; sourceTree = "<group>"; };
		5737284B1CE486CD000DC49D /* greyLike.png */ = {isa = PBXFileReference; lastKnownFileType = image.png; path = greyLike.png; sourceTree = "<group>"; };
		57D13C4C1CE5796B00609438 /* img.png */ = {isa = PBXFileReference; lastKnownFileType = image.png; path = img.png; sourceTree = "<group>"; };
		57D13C4E1CE5822600609438 /* comment.png */ = {isa = PBXFileReference; lastKnownFileType = image.png; path = comment.png; sourceTree = "<group>"; };
		57D13C4F1CE5822600609438 /* share.png */ = {isa = PBXFileReference; lastKnownFileType = image.png; path = share.png; sourceTree = "<group>"; };
		57D13C521CE5833C00609438 /* avatar1.png */ = {isa = PBXFileReference; lastKnownFileType = image.png; path = avatar1.png; sourceTree = "<group>"; };
		57D13C531CE5833C00609438 /* avatar2.png */ = {isa = PBXFileReference; lastKnownFileType = image.png; path = avatar2.png; sourceTree = "<group>"; };
		788E95301B03F29A0047D2A1 /* UIPopoverPresentation.app */ = {isa = PBXFileReference; explicitFileType = wrapper.application; includeInIndex = 0; path = UIPopoverPresentation.app; sourceTree = BUILT_PRODUCTS_DIR; };
		788E95341B03F29A0047D2A1 /* Info.plist */ = {isa = PBXFileReference; lastKnownFileType = text.plist.xml; path = Info.plist; sourceTree = "<group>"; };
		788E95351B03F29A0047D2A1 /* AppDelegate.swift */ = {isa = PBXFileReference; lastKnownFileType = sourcecode.swift; path = AppDelegate.swift; sourceTree = "<group>"; };
		788E95371B03F29A0047D2A1 /* ViewController.swift */ = {isa = PBXFileReference; lastKnownFileType = sourcecode.swift; path = ViewController.swift; sourceTree = "<group>"; };
		788E953A1B03F29A0047D2A1 /* Base */ = {isa = PBXFileReference; lastKnownFileType = file.storyboard; name = Base; path = Base.lproj/Main.storyboard; sourceTree = "<group>"; };
		788E953C1B03F29A0047D2A1 /* Images.xcassets */ = {isa = PBXFileReference; lastKnownFileType = folder.assetcatalog; path = Images.xcassets; sourceTree = "<group>"; };
		788E953F1B03F29A0047D2A1 /* Base */ = {isa = PBXFileReference; lastKnownFileType = file.xib; name = Base; path = Base.lproj/LaunchScreen.xib; sourceTree = "<group>"; };
		788E95451B03F29A0047D2A1 /* UIPopoverPresentationTests.xctest */ = {isa = PBXFileReference; explicitFileType = wrapper.cfbundle; includeInIndex = 0; path = UIPopoverPresentationTests.xctest; sourceTree = BUILT_PRODUCTS_DIR; };
		788E954A1B03F29A0047D2A1 /* Info.plist */ = {isa = PBXFileReference; lastKnownFileType = text.plist.xml; path = Info.plist; sourceTree = "<group>"; };
		788E954B1B03F29A0047D2A1 /* UIPopoverPresentationTests.swift */ = {isa = PBXFileReference; lastKnownFileType = sourcecode.swift; path = UIPopoverPresentationTests.swift; sourceTree = "<group>"; };
		8101E7891DDB87D700D45EB8 /* PopoverViewController.swift */ = {isa = PBXFileReference; fileEncoding = 4; lastKnownFileType = sourcecode.swift; path = PopoverViewController.swift; sourceTree = "<group>"; };
/* End PBXFileReference section */

/* Begin PBXFrameworksBuildPhase section */
		788E952D1B03F29A0047D2A1 /* Frameworks */ = {
			isa = PBXFrameworksBuildPhase;
			buildActionMask = 2147483647;
			files = (
			);
			runOnlyForDeploymentPostprocessing = 0;
		};
		788E95421B03F29A0047D2A1 /* Frameworks */ = {
			isa = PBXFrameworksBuildPhase;
			buildActionMask = 2147483647;
			files = (
			);
			runOnlyForDeploymentPostprocessing = 0;
		};
/* End PBXFrameworksBuildPhase section */

/* Begin PBXGroup section */
		5737283E1CE4831F000DC49D /* source */ = {
			isa = PBXGroup;
			children = (
				57D13C521CE5833C00609438 /* avatar1.png */,
				57D13C531CE5833C00609438 /* avatar2.png */,
				57D13C4E1CE5822600609438 /* comment.png */,
				57D13C4F1CE5822600609438 /* share.png */,
				57D13C4C1CE5796B00609438 /* img.png */,
				5737284B1CE486CD000DC49D /* greyLike.png */,
				5737283F1CE4833A000DC49D /* sad.png */,
				573728401CE4833A000DC49D /* angry.png */,
				573728411CE4833A000DC49D /* wow.png */,
				573728421CE4833A000DC49D /* love.png */,
				573728431CE4833A000DC49D /* haha.png */,
				573728441CE4833A000DC49D /* like.png */,
			);
			name = source;
			sourceTree = "<group>";
		};
		788E95271B03F29A0047D2A1 = {
			isa = PBXGroup;
			children = (
				788E95321B03F29A0047D2A1 /* UIPopoverPresentation */,
				788E95481B03F29A0047D2A1 /* UIPopoverPresentationTests */,
				788E95311B03F29A0047D2A1 /* Products */,
			);
			sourceTree = "<group>";
		};
		788E95311B03F29A0047D2A1 /* Products */ = {
			isa = PBXGroup;
			children = (
				788E95301B03F29A0047D2A1 /* UIPopoverPresentation.app */,
				788E95451B03F29A0047D2A1 /* UIPopoverPresentationTests.xctest */,
			);
			name = Products;
			sourceTree = "<group>";
		};
		788E95321B03F29A0047D2A1 /* UIPopoverPresentation */ = {
			isa = PBXGroup;
			children = (
				8101E7891DDB87D700D45EB8 /* PopoverViewController.swift */,
				5737283E1CE4831F000DC49D /* source */,
				788E95351B03F29A0047D2A1 /* AppDelegate.swift */,
				788E95371B03F29A0047D2A1 /* ViewController.swift */,
				788E95391B03F29A0047D2A1 /* Main.storyboard */,
				788E953C1B03F29A0047D2A1 /* Images.xcassets */,
				788E953E1B03F29A0047D2A1 /* LaunchScreen.xib */,
				788E95331B03F29A0047D2A1 /* Supporting Files */,
			);
			path = UIPopoverPresentation;
			sourceTree = "<group>";
		};
		788E95331B03F29A0047D2A1 /* Supporting Files */ = {
			isa = PBXGroup;
			children = (
				788E95341B03F29A0047D2A1 /* Info.plist */,
			);
			name = "Supporting Files";
			sourceTree = "<group>";
		};
		788E95481B03F29A0047D2A1 /* UIPopoverPresentationTests */ = {
			isa = PBXGroup;
			children = (
				788E954B1B03F29A0047D2A1 /* UIPopoverPresentationTests.swift */,
				788E95491B03F29A0047D2A1 /* Supporting Files */,
			);
			path = UIPopoverPresentationTests;
			sourceTree = "<group>";
		};
		788E95491B03F29A0047D2A1 /* Supporting Files */ = {
			isa = PBXGroup;
			children = (
				788E954A1B03F29A0047D2A1 /* Info.plist */,
			);
			name = "Supporting Files";
			sourceTree = "<group>";
		};
/* End PBXGroup section */

/* Begin PBXNativeTarget section */
		788E952F1B03F29A0047D2A1 /* UIPopoverPresentation */ = {
			isa = PBXNativeTarget;
			buildConfigurationList = 788E954F1B03F29A0047D2A1 /* Build configuration list for PBXNativeTarget "UIPopoverPresentation" */;
			buildPhases = (
				788E952C1B03F29A0047D2A1 /* Sources */,
				788E952D1B03F29A0047D2A1 /* Frameworks */,
				788E952E1B03F29A0047D2A1 /* Resources */,
			);
			buildRules = (
			);
			dependencies = (
			);
			name = UIPopoverPresentation;
			productName = UIPopoverPresentation;
			productReference = 788E95301B03F29A0047D2A1 /* UIPopoverPresentation.app */;
			productType = "com.apple.product-type.application";
		};
		788E95441B03F29A0047D2A1 /* UIPopoverPresentationTests */ = {
			isa = PBXNativeTarget;
			buildConfigurationList = 788E95521B03F29A0047D2A1 /* Build configuration list for PBXNativeTarget "UIPopoverPresentationTests" */;
			buildPhases = (
				788E95411B03F29A0047D2A1 /* Sources */,
				788E95421B03F29A0047D2A1 /* Frameworks */,
				788E95431B03F29A0047D2A1 /* Resources */,
			);
			buildRules = (
			);
			dependencies = (
				788E95471B03F29A0047D2A1 /* PBXTargetDependency */,
			);
			name = UIPopoverPresentationTests;
			productName = UIPopoverPresentationTests;
			productReference = 788E95451B03F29A0047D2A1 /* UIPopoverPresentationTests.xctest */;
			productType = "com.apple.product-type.bundle.unit-test";
		};
/* End PBXNativeTarget section */

/* Begin PBXProject section */
		788E95281B03F29A0047D2A1 /* Project object */ = {
			isa = PBXProject;
			attributes = {
				LastSwiftMigration = 0730;
				LastSwiftUpdateCheck = 0730;
				LastUpgradeCheck = 0730;
				ORGANIZATIONNAME = "Vea Software";
				TargetAttributes = {
					788E952F1B03F29A0047D2A1 = {
						CreatedOnToolsVersion = 6.3.1;
						LastSwiftMigration = 0800;
					};
					788E95441B03F29A0047D2A1 = {
						CreatedOnToolsVersion = 6.3.1;
						LastSwiftMigration = 0800;
						TestTargetID = 788E952F1B03F29A0047D2A1;
					};
				};
			};
			buildConfigurationList = 788E952B1B03F29A0047D2A1 /* Build configuration list for PBXProject "UIPopoverPresentation" */;
			compatibilityVersion = "Xcode 3.2";
			developmentRegion = English;
			hasScannedForEncodings = 0;
			knownRegions = (
				en,
				Base,
			);
			mainGroup = 788E95271B03F29A0047D2A1;
			productRefGroup = 788E95311B03F29A0047D2A1 /* Products */;
			projectDirPath = "";
			projectRoot = "";
			targets = (
				788E952F1B03F29A0047D2A1 /* UIPopoverPresentation */,
				788E95441B03F29A0047D2A1 /* UIPopoverPresentationTests */,
			);
		};
/* End PBXProject section */

/* Begin PBXResourcesBuildPhase section */
		788E952E1B03F29A0047D2A1 /* Resources */ = {
			isa = PBXResourcesBuildPhase;
			buildActionMask = 2147483647;
			files = (
				573728461CE4833A000DC49D /* angry.png in Resources */,
				57D13C501CE5822600609438 /* comment.png in Resources */,
				788E953B1B03F29A0047D2A1 /* Main.storyboard in Resources */,
				5737284A1CE4833A000DC49D /* like.png in Resources */,
				788E95401B03F29A0047D2A1 /* LaunchScreen.xib in Resources */,
				573728471CE4833A000DC49D /* wow.png in Resources */,
				573728451CE4833A000DC49D /* sad.png in Resources */,
				573728491CE4833A000DC49D /* haha.png in Resources */,
				57D13C551CE5833C00609438 /* avatar2.png in Resources */,
				573728481CE4833A000DC49D /* love.png in Resources */,
				788E953D1B03F29A0047D2A1 /* Images.xcassets in Resources */,
				57D13C541CE5833C00609438 /* avatar1.png in Resources */,
				5737284C1CE486CD000DC49D /* greyLike.png in Resources */,
				57D13C4D1CE5796B00609438 /* img.png in Resources */,
				57D13C511CE5822600609438 /* share.png in Resources */,
			);
			runOnlyForDeploymentPostprocessing = 0;
		};
		788E95431B03F29A0047D2A1 /* Resources */ = {
			isa = PBXResourcesBuildPhase;
			buildActionMask = 2147483647;
			files = (
			);
			runOnlyForDeploymentPostprocessing = 0;
		};
/* End PBXResourcesBuildPhase section */

/* Begin PBXSourcesBuildPhase section */
		788E952C1B03F29A0047D2A1 /* Sources */ = {
			isa = PBXSourcesBuildPhase;
			buildActionMask = 2147483647;
			files = (
				788E95381B03F29A0047D2A1 /* ViewController.swift in Sources */,
				8101E78A1DDB87D700D45EB8 /* PopoverViewController.swift in Sources */,
				788E95361B03F29A0047D2A1 /* AppDelegate.swift in Sources */,
			);
			runOnlyForDeploymentPostprocessing = 0;
		};
		788E95411B03F29A0047D2A1 /* Sources */ = {
			isa = PBXSourcesBuildPhase;
			buildActionMask = 2147483647;
			files = (
				788E954C1B03F29A0047D2A1 /* UIPopoverPresentationTests.swift in Sources */,
			);
			runOnlyForDeploymentPostprocessing = 0;
		};
/* End PBXSourcesBuildPhase section */

/* Begin PBXTargetDependency section */
		788E95471B03F29A0047D2A1 /* PBXTargetDependency */ = {
			isa = PBXTargetDependency;
			target = 788E952F1B03F29A0047D2A1 /* UIPopoverPresentation */;
			targetProxy = 788E95461B03F29A0047D2A1 /* PBXContainerItemProxy */;
		};
/* End PBXTargetDependency section */

/* Begin PBXVariantGroup section */
		788E95391B03F29A0047D2A1 /* Main.storyboard */ = {
			isa = PBXVariantGroup;
			children = (
				788E953A1B03F29A0047D2A1 /* Base */,
			);
			name = Main.storyboard;
			sourceTree = "<group>";
		};
		788E953E1B03F29A0047D2A1 /* LaunchScreen.xib */ = {
			isa = PBXVariantGroup;
			children = (
				788E953F1B03F29A0047D2A1 /* Base */,
			);
			name = LaunchScreen.xib;
			sourceTree = "<group>";
		};
/* End PBXVariantGroup section */

/* Begin XCBuildConfiguration section */
		788E954D1B03F29A0047D2A1 /* Debug */ = {
			isa = XCBuildConfiguration;
			buildSettings = {
				ALWAYS_SEARCH_USER_PATHS = NO;
				CLANG_CXX_LANGUAGE_STANDARD = "gnu++0x";
				CLANG_CXX_LIBRARY = "libc++";
				CLANG_ENABLE_MODULES = YES;
				CLANG_ENABLE_OBJC_ARC = YES;
				CLANG_WARN_BOOL_CONVERSION = YES;
				CLANG_WARN_CONSTANT_CONVERSION = YES;
				CLANG_WARN_DIRECT_OBJC_ISA_USAGE = YES_ERROR;
				CLANG_WARN_EMPTY_BODY = YES;
				CLANG_WARN_ENUM_CONVERSION = YES;
				CLANG_WARN_INT_CONVERSION = YES;
				CLANG_WARN_OBJC_ROOT_CLASS = YES_ERROR;
				CLANG_WARN_UNREACHABLE_CODE = YES;
				CLANG_WARN__DUPLICATE_METHOD_MATCH = YES;
				"CODE_SIGN_IDENTITY[sdk=iphoneos*]" = "iPhone Developer";
				COPY_PHASE_STRIP = NO;
				DEBUG_INFORMATION_FORMAT = "dwarf-with-dsym";
				ENABLE_STRICT_OBJC_MSGSEND = YES;
				ENABLE_TESTABILITY = YES;
				GCC_C_LANGUAGE_STANDARD = gnu99;
				GCC_DYNAMIC_NO_PIC = NO;
				GCC_NO_COMMON_BLOCKS = YES;
				GCC_OPTIMIZATION_LEVEL = 0;
				GCC_PREPROCESSOR_DEFINITIONS = (
					"DEBUG=1",
					"$(inherited)",
				);
				GCC_SYMBOLS_PRIVATE_EXTERN = NO;
				GCC_WARN_64_TO_32_BIT_CONVERSION = YES;
				GCC_WARN_ABOUT_RETURN_TYPE = YES_ERROR;
				GCC_WARN_UNDECLARED_SELECTOR = YES;
				GCC_WARN_UNINITIALIZED_AUTOS = YES_AGGRESSIVE;
				GCC_WARN_UNUSED_FUNCTION = YES;
				GCC_WARN_UNUSED_VARIABLE = YES;
				IPHONEOS_DEPLOYMENT_TARGET = 9.3;
				MTL_ENABLE_DEBUG_INFO = YES;
				ONLY_ACTIVE_ARCH = YES;
				SDKROOT = iphoneos;
				SWIFT_OPTIMIZATION_LEVEL = "-Onone";
			};
			name = Debug;
		};
		788E954E1B03F29A0047D2A1 /* Release */ = {
			isa = XCBuildConfiguration;
			buildSettings = {
				ALWAYS_SEARCH_USER_PATHS = NO;
				CLANG_CXX_LANGUAGE_STANDARD = "gnu++0x";
				CLANG_CXX_LIBRARY = "libc++";
				CLANG_ENABLE_MODULES = YES;
				CLANG_ENABLE_OBJC_ARC = YES;
				CLANG_WARN_BOOL_CONVERSION = YES;
				CLANG_WARN_CONSTANT_CONVERSION = YES;
				CLANG_WARN_DIRECT_OBJC_ISA_USAGE = YES_ERROR;
				CLANG_WARN_EMPTY_BODY = YES;
				CLANG_WARN_ENUM_CONVERSION = YES;
				CLANG_WARN_INT_CONVERSION = YES;
				CLANG_WARN_OBJC_ROOT_CLASS = YES_ERROR;
				CLANG_WARN_UNREACHABLE_CODE = YES;
				CLANG_WARN__DUPLICATE_METHOD_MATCH = YES;
				"CODE_SIGN_IDENTITY[sdk=iphoneos*]" = "iPhone Developer";
				COPY_PHASE_STRIP = NO;
				DEBUG_INFORMATION_FORMAT = "dwarf-with-dsym";
				ENABLE_NS_ASSERTIONS = NO;
				ENABLE_STRICT_OBJC_MSGSEND = YES;
				GCC_C_LANGUAGE_STANDARD = gnu99;
				GCC_NO_COMMON_BLOCKS = YES;
				GCC_WARN_64_TO_32_BIT_CONVERSION = YES;
				GCC_WARN_ABOUT_RETURN_TYPE = YES_ERROR;
				GCC_WARN_UNDECLARED_SELECTOR = YES;
				GCC_WARN_UNINITIALIZED_AUTOS = YES_AGGRESSIVE;
				GCC_WARN_UNUSED_FUNCTION = YES;
				GCC_WARN_UNUSED_VARIABLE = YES;
				IPHONEOS_DEPLOYMENT_TARGET = 9.3;
				MTL_ENABLE_DEBUG_INFO = NO;
				SDKROOT = iphoneos;
				VALIDATE_PRODUCT = YES;
			};
			name = Release;
		};
		788E95501B03F29A0047D2A1 /* Debug */ = {
			isa = XCBuildConfiguration;
			buildSettings = {
				ASSETCATALOG_COMPILER_APPICON_NAME = AppIcon;
				INFOPLIST_FILE = UIPopoverPresentation/Info.plist;
				LD_RUNPATH_SEARCH_PATHS = "$(inherited) @executable_path/Frameworks";
				PRODUCT_BUNDLE_IDENTIFIER = "com.veasoftware.$(PRODUCT_NAME:rfc1034identifier)";
				PRODUCT_NAME = "$(TARGET_NAME)";
				SWIFT_VERSION = 3.0;
			};
			name = Debug;
		};
		788E95511B03F29A0047D2A1 /* Release */ = {
			isa = XCBuildConfiguration;
			buildSettings = {
				ASSETCATALOG_COMPILER_APPICON_NAME = AppIcon;
				INFOPLIST_FILE = UIPopoverPresentation/Info.plist;
				LD_RUNPATH_SEARCH_PATHS = "$(inherited) @executable_path/Frameworks";
				PRODUCT_BUNDLE_IDENTIFIER = "com.veasoftware.$(PRODUCT_NAME:rfc1034identifier)";
				PRODUCT_NAME = "$(TARGET_NAME)";
				SWIFT_VERSION = 3.0;
			};
			name = Release;
		};
		788E95531B03F29A0047D2A1 /* Debug */ = {
			isa = XCBuildConfiguration;
			buildSettings = {
				BUNDLE_LOADER = "$(TEST_HOST)";
				FRAMEWORK_SEARCH_PATHS = (
					"$(SDKROOT)/Developer/Library/Frameworks",
					"$(inherited)",
				);
				GCC_PREPROCESSOR_DEFINITIONS = (
					"DEBUG=1",
					"$(inherited)",
				);
				INFOPLIST_FILE = UIPopoverPresentationTests/Info.plist;
				LD_RUNPATH_SEARCH_PATHS = "$(inherited) @executable_path/Frameworks @loader_path/Frameworks";
				PRODUCT_BUNDLE_IDENTIFIER = "com.veasoftware.$(PRODUCT_NAME:rfc1034identifier)";
				PRODUCT_NAME = "$(TARGET_NAME)";
				SWIFT_VERSION = 3.0;
				TEST_HOST = "$(BUILT_PRODUCTS_DIR)/UIPopoverPresentation.app/UIPopoverPresentation";
			};
			name = Debug;
		};
		788E95541B03F29A0047D2A1 /* Release */ = {
			isa = XCBuildConfiguration;
			buildSettings = {
				BUNDLE_LOADER = "$(TEST_HOST)";
				FRAMEWORK_SEARCH_PATHS = (
					"$(SDKROOT)/Developer/Library/Frameworks",
					"$(inherited)",
				);
				INFOPLIST_FILE = UIPopoverPresentationTests/Info.plist;
				LD_RUNPATH_SEARCH_PATHS = "$(inherited) @executable_path/Frameworks @loader_path/Frameworks";
				PRODUCT_BUNDLE_IDENTIFIER = "com.veasoftware.$(PRODUCT_NAME:rfc1034identifier)";
				PRODUCT_NAME = "$(TARGET_NAME)";
				SWIFT_VERSION = 3.0;
				TEST_HOST = "$(BUILT_PRODUCTS_DIR)/UIPopoverPresentation.app/UIPopoverPresentation";
			};
			name = Release;
		};
/* End XCBuildConfiguration section */

/* Begin XCConfigurationList section */
		788E952B1B03F29A0047D2A1 /* Build configuration list for PBXProject "UIPopoverPresentation" */ = {
			isa = XCConfigurationList;
			buildConfigurations = (
				788E954D1B03F29A0047D2A1 /* Debug */,
				788E954E1B03F29A0047D2A1 /* Release */,
			);
			defaultConfigurationIsVisible = 0;
			defaultConfigurationName = Release;
		};
		788E954F1B03F29A0047D2A1 /* Build configuration list for PBXNativeTarget "UIPopoverPresentation" */ = {
			isa = XCConfigurationList;
			buildConfigurations = (
				788E95501B03F29A0047D2A1 /* Debug */,
				788E95511B03F29A0047D2A1 /* Release */,
			);
			defaultConfigurationIsVisible = 0;
			defaultConfigurationName = Release;
		};
		788E95521B03F29A0047D2A1 /* Build configuration list for PBXNativeTarget "UIPopoverPresentationTests" */ = {
			isa = XCConfigurationList;
			buildConfigurations = (
				788E95531B03F29A0047D2A1 /* Debug */,
				788E95541B03F29A0047D2A1 /* Release */,
			);
			defaultConfigurationIsVisible = 0;
			defaultConfigurationName = Release;
		};
/* End XCConfigurationList section */
	};
	rootObject = 788E95281B03F29A0047D2A1 /* Project object */;
}
